
Microsoft Visual Studio Solution File, Format Version 12.00
# Visual Studio Version 17
VisualStudioVersion = 17.14.36908.2 d17.14
MinimumVisualStudioVersion = 10.0.40219.1
Project("{FAE04EC0-301F-11D3-BF4B-00C04F79EFBC}") = "EvidenceZapasu", "EvidenceZapasu\EvidenceZapasu.csproj", "{9CFF4D30-7EAA-4EA9-A4DE-DD2F0DB63A31}"
EndProject
Global
	GlobalSection(SolutionConfigurationPlatforms) = preSolution
		Debug|Any CPU = Debug|Any CPU
		Release|Any CPU = Release|Any CPU
	EndGlobalSection
	GlobalSection(ProjectConfigurationPlatforms) = postSolution
		{9CFF4D30-7EAA-4EA9-A4DE-DD2F0DB63A31}.Debug|Any CPU.ActiveCfg = Debug|Any CPU
		{9CFF4D30-7EAA-4EA9-A4DE-DD2F0DB63A31}.Debug|Any CPU.Build.0 = Debug|Any CPU
		{9CFF4D30-7EAA-4EA9-A4DE-DD2F0DB63A31}.Release|Any CPU.ActiveCfg = Release|Any CPU
		{9CFF4D30-7EAA-4EA9-A4DE-DD2F0DB63A31}.Release|Any CPU.Build.0 = Release|Any CPU
	EndGlobalSection
	GlobalSection(SolutionProperties) = preSolution
		HideSolutionNode = FALSE
	EndGlobalSection
	GlobalSection(ExtensibilityGlobals) = postSolution
		SolutionGuid = {6E05DA4E-5DE4-4809-AF5E-E57F2E47B7EC}
	EndGlobalSection
EndGlobal
