
Microsoft Visual Studio Solution File, Format Version 12.00
# Visual Studio Version 17
VisualStudioVersion = 17.11.35222.181
MinimumVisualStudioVersion = 10.0.40219.1
Project("{FAE04EC0-301F-11D3-BF4B-00C04F79EFBC}") = "intervalPodminky", "intervalPodminky\intervalPodminky.csproj", "{EE5F4760-6679-455E-9EFE-C99BEA3AFD5A}"
EndProject
Global
	GlobalSection(SolutionConfigurationPlatforms) = preSolution
		Debug|Any CPU = Debug|Any CPU
		Release|Any CPU = Release|Any CPU
	EndGlobalSection
	GlobalSection(ProjectConfigurationPlatforms) = postSolution
		{EE5F4760-6679-455E-9EFE-C99BEA3AFD5A}.Debug|Any CPU.ActiveCfg = Debug|Any CPU
		{EE5F4760-6679-455E-9EFE-C99BEA3AFD5A}.Debug|Any CPU.Build.0 = Debug|Any CPU
		{EE5F4760-6679-455E-9EFE-C99BEA3AFD5A}.Release|Any CPU.ActiveCfg = Release|Any CPU
		{EE5F4760-6679-455E-9EFE-C99BEA3AFD5A}.Release|Any CPU.Build.0 = Release|Any CPU
	EndGlobalSection
	GlobalSection(SolutionProperties) = preSolution
		HideSolutionNode = FALSE
	EndGlobalSection
	GlobalSection(ExtensibilityGlobals) = postSolution
		SolutionGuid = {F45AF811-238F-45FB-8977-9F7EF3FEA180}
	EndGlobalSection
EndGlobal
