
Microsoft Visual Studio Solution File, Format Version 12.00
# Visual Studio Version 17
VisualStudioVersion = 17.11.35222.181
MinimumVisualStudioVersion = 10.0.40219.1
Project("{FAE04EC0-301F-11D3-BF4B-00C04F79EFBC}") = "AhojSvete", "AhojSvete\AhojSvete.csproj", "{49CC7CE0-8EC3-4BB4-9AB9-F06BA389049C}"
EndProject
Global
	GlobalSection(SolutionConfigurationPlatforms) = preSolution
		Debug|Any CPU = Debug|Any CPU
		Release|Any CPU = Release|Any CPU
	EndGlobalSection
	GlobalSection(ProjectConfigurationPlatforms) = postSolution
		{49CC7CE0-8EC3-4BB4-9AB9-F06BA389049C}.Debug|Any CPU.ActiveCfg = Debug|Any CPU
		{49CC7CE0-8EC3-4BB4-9AB9-F06BA389049C}.Debug|Any CPU.Build.0 = Debug|Any CPU
		{49CC7CE0-8EC3-4BB4-9AB9-F06BA389049C}.Release|Any CPU.ActiveCfg = Release|Any CPU
		{49CC7CE0-8EC3-4BB4-9AB9-F06BA389049C}.Release|Any CPU.Build.0 = Release|Any CPU
	EndGlobalSection
	GlobalSection(SolutionProperties) = preSolution
		HideSolutionNode = FALSE
	EndGlobalSection
	GlobalSection(ExtensibilityGlobals) = postSolution
		SolutionGuid = {8A4AF9CF-6F1A-462A-B81A-3E98DD45325E}
	EndGlobalSection
EndGlobal
