
Microsoft Visual Studio Solution File, Format Version 12.00
# Visual Studio Version 17
VisualStudioVersion = 17.11.35222.181
MinimumVisualStudioVersion = 10.0.40219.1
Project("{FAE04EC0-301F-11D3-BF4B-00C04F79EFBC}") = "HodKostkou", "HodKostkou\HodKostkou.csproj", "{0B096197-53F1-4B48-8CE0-3BA2230EF771}"
EndProject
Global
	GlobalSection(SolutionConfigurationPlatforms) = preSolution
		Debug|Any CPU = Debug|Any CPU
		Release|Any CPU = Release|Any CPU
	EndGlobalSection
	GlobalSection(ProjectConfigurationPlatforms) = postSolution
		{0B096197-53F1-4B48-8CE0-3BA2230EF771}.Debug|Any CPU.ActiveCfg = Debug|Any CPU
		{0B096197-53F1-4B48-8CE0-3BA2230EF771}.Debug|Any CPU.Build.0 = Debug|Any CPU
		{0B096197-53F1-4B48-8CE0-3BA2230EF771}.Release|Any CPU.ActiveCfg = Release|Any CPU
		{0B096197-53F1-4B48-8CE0-3BA2230EF771}.Release|Any CPU.Build.0 = Release|Any CPU
	EndGlobalSection
	GlobalSection(SolutionProperties) = preSolution
		HideSolutionNode = FALSE
	EndGlobalSection
	GlobalSection(ExtensibilityGlobals) = postSolution
		SolutionGuid = {D6FC7FE2-55CE-4D1D-B9FF-A69EE1149AE2}
	EndGlobalSection
EndGlobal
